
Microsoft Visual Studio Solution File, Format Version 11.00
# Visual Studio 2010
Project("{FAE04EC0-301F-11D3-BF4B-00C04F79EFBC}") = "WpfLab3", "WpfLab3\WpfLab3.csproj", "{8D9D00E1-AB63-4758-ACBD-C32265BDEA0C}"
EndProject
Project("{FAE04EC0-301F-11D3-BF4B-00C04F79EFBC}") = "TestWpfLab3", "TestWpfLab3\TestWpfLab3.csproj", "{B4229FB6-68EA-4724-939D-F4FAC2C04432}"
EndProject
Project("{2150E333-8FDC-42A3-9474-1A3956D46DE8}") = "Solution Items", "Solution Items", "{8FA86ACE-F23E-426C-A5D8-CF1371AA9ADC}"
	ProjectSection(SolutionItems) = preProject
		Local.testsettings = Local.testsettings
		TraceAndTestImpact.testsettings = TraceAndTestImpact.testsettings
		WpfLab3.vsmdi = WpfLab3.vsmdi
	EndProjectSection
EndProject
Global
	GlobalSection(TestCaseManagementSettings) = postSolution
		CategoryFile = WpfLab3.vsmdi
	EndGlobalSection
	GlobalSection(SolutionConfigurationPlatforms) = preSolution
		Debug|Any CPU = Debug|Any CPU
		Debug|Mixed Platforms = Debug|Mixed Platforms
		Debug|x86 = Debug|x86
		Release|Any CPU = Release|Any CPU
		Release|Mixed Platforms = Release|Mixed Platforms
		Release|x86 = Release|x86
	EndGlobalSection
	GlobalSection(ProjectConfigurationPlatforms) = postSolution
		{8D9D00E1-AB63-4758-ACBD-C32265BDEA0C}.Debug|Any CPU.ActiveCfg = Debug|x86
		{8D9D00E1-AB63-4758-ACBD-C32265BDEA0C}.Debug|Mixed Platforms.ActiveCfg = Debug|x86
		{8D9D00E1-AB63-4758-ACBD-C32265BDEA0C}.Debug|Mixed Platforms.Build.0 = Debug|x86
		{8D9D00E1-AB63-4758-ACBD-C32265BDEA0C}.Debug|x86.ActiveCfg = Debug|x86
		{8D9D00E1-AB63-4758-ACBD-C32265BDEA0C}.Debug|x86.Build.0 = Debug|x86
		{8D9D00E1-AB63-4758-ACBD-C32265BDEA0C}.Release|Any CPU.ActiveCfg = Release|x86
		{8D9D00E1-AB63-4758-ACBD-C32265BDEA0C}.Release|Mixed Platforms.ActiveCfg = Release|x86
		{8D9D00E1-AB63-4758-ACBD-C32265BDEA0C}.Release|Mixed Platforms.Build.0 = Release|x86
		{8D9D00E1-AB63-4758-ACBD-C32265BDEA0C}.Release|x86.ActiveCfg = Release|x86
		{8D9D00E1-AB63-4758-ACBD-C32265BDEA0C}.Release|x86.Build.0 = Release|x86
		{B4229FB6-68EA-4724-939D-F4FAC2C04432}.Debug|Any CPU.ActiveCfg = Debug|Any CPU
		{B4229FB6-68EA-4724-939D-F4FAC2C04432}.Debug|Any CPU.Build.0 = Debug|Any CPU
		{B4229FB6-68EA-4724-939D-F4FAC2C04432}.Debug|Mixed Platforms.ActiveCfg = Debug|Any CPU
		{B4229FB6-68EA-4724-939D-F4FAC2C04432}.Debug|Mixed Platforms.Build.0 = Debug|Any CPU
		{B4229FB6-68EA-4724-939D-F4FAC2C04432}.Debug|x86.ActiveCfg = Debug|Any CPU
		{B4229FB6-68EA-4724-939D-F4FAC2C04432}.Release|Any CPU.ActiveCfg = Release|Any CPU
		{B4229FB6-68EA-4724-939D-F4FAC2C04432}.Release|Any CPU.Build.0 = Release|Any CPU
		{B4229FB6-68EA-4724-939D-F4FAC2C04432}.Release|Mixed Platforms.ActiveCfg = Release|Any CPU
		{B4229FB6-68EA-4724-939D-F4FAC2C04432}.Release|Mixed Platforms.Build.0 = Release|Any CPU
		{B4229FB6-68EA-4724-939D-F4FAC2C04432}.Release|x86.ActiveCfg = Release|Any CPU
	EndGlobalSection
	GlobalSection(SolutionProperties) = preSolution
		HideSolutionNode = FALSE
	EndGlobalSection
EndGlobal
