
Microsoft Visual Studio Solution File, Format Version 11.00
# Visual Studio 2010
Project("{FAE04EC0-301F-11D3-BF4B-00C04F79EFBC}") = "DevLake.MasterDetail.Data", "DevLake.MasterDetail.Data\DevLake.MasterDetail.Data.csproj", "{9E3616F7-9B9A-4CA5-A3D9-9948A3086F04}"
EndProject
Project("{FAE04EC0-301F-11D3-BF4B-00C04F79EFBC}") = "DevLake.MasterDetail.Business", "DevLake.MasterDetail.Business\DevLake.MasterDetail.Business.csproj", "{EC9E9F85-7307-4123-BBA9-93488F376B41}"
EndProject
Project("{FAE04EC0-301F-11D3-BF4B-00C04F79EFBC}") = "DevLake.MasterDetail.Service", "DevLake.MasterDetail.Service\DevLake.MasterDetail.Service.csproj", "{4D8A4BF1-71E6-4F6E-B55A-9FCE9C4F0BB7}"
EndProject
Project("{FAE04EC0-301F-11D3-BF4B-00C04F79EFBC}") = "DevLake.MasterDetail.UI", "DevLake.MasterDetail.UI\DevLake.MasterDetail.UI.csproj", "{61F9F84B-4314-4F16-B084-C3EBEBA900E3}"
	ProjectSection(ProjectDependencies) = postProject
		{4D8A4BF1-71E6-4F6E-B55A-9FCE9C4F0BB7} = {4D8A4BF1-71E6-4F6E-B55A-9FCE9C4F0BB7}
	EndProjectSection
EndProject
Global
	GlobalSection(SolutionConfigurationPlatforms) = preSolution
		Debug|Any CPU = Debug|Any CPU
		Debug|Mixed Platforms = Debug|Mixed Platforms
		Debug|x86 = Debug|x86
		Release|Any CPU = Release|Any CPU
		Release|Mixed Platforms = Release|Mixed Platforms
		Release|x86 = Release|x86
	EndGlobalSection
	GlobalSection(ProjectConfigurationPlatforms) = postSolution
		{9E3616F7-9B9A-4CA5-A3D9-9948A3086F04}.Debug|Any CPU.ActiveCfg = Debug|Any CPU
		{9E3616F7-9B9A-4CA5-A3D9-9948A3086F04}.Debug|Any CPU.Build.0 = Debug|Any CPU
		{9E3616F7-9B9A-4CA5-A3D9-9948A3086F04}.Debug|Mixed Platforms.ActiveCfg = Debug|Any CPU
		{9E3616F7-9B9A-4CA5-A3D9-9948A3086F04}.Debug|Mixed Platforms.Build.0 = Debug|Any CPU
		{9E3616F7-9B9A-4CA5-A3D9-9948A3086F04}.Debug|x86.ActiveCfg = Debug|Any CPU
		{9E3616F7-9B9A-4CA5-A3D9-9948A3086F04}.Release|Any CPU.ActiveCfg = Release|Any CPU
		{9E3616F7-9B9A-4CA5-A3D9-9948A3086F04}.Release|Any CPU.Build.0 = Release|Any CPU
		{9E3616F7-9B9A-4CA5-A3D9-9948A3086F04}.Release|Mixed Platforms.ActiveCfg = Release|Any CPU
		{9E3616F7-9B9A-4CA5-A3D9-9948A3086F04}.Release|Mixed Platforms.Build.0 = Release|Any CPU
		{9E3616F7-9B9A-4CA5-A3D9-9948A3086F04}.Release|x86.ActiveCfg = Release|Any CPU
		{EC9E9F85-7307-4123-BBA9-93488F376B41}.Debug|Any CPU.ActiveCfg = Debug|Any CPU
		{EC9E9F85-7307-4123-BBA9-93488F376B41}.Debug|Any CPU.Build.0 = Debug|Any CPU
		{EC9E9F85-7307-4123-BBA9-93488F376B41}.Debug|Mixed Platforms.ActiveCfg = Debug|Any CPU
		{EC9E9F85-7307-4123-BBA9-93488F376B41}.Debug|Mixed Platforms.Build.0 = Debug|Any CPU
		{EC9E9F85-7307-4123-BBA9-93488F376B41}.Debug|x86.ActiveCfg = Debug|Any CPU
		{EC9E9F85-7307-4123-BBA9-93488F376B41}.Release|Any CPU.ActiveCfg = Release|Any CPU
		{EC9E9F85-7307-4123-BBA9-93488F376B41}.Release|Any CPU.Build.0 = Release|Any CPU
		{EC9E9F85-7307-4123-BBA9-93488F376B41}.Release|Mixed Platforms.ActiveCfg = Release|Any CPU
		{EC9E9F85-7307-4123-BBA9-93488F376B41}.Release|Mixed Platforms.Build.0 = Release|Any CPU
		{EC9E9F85-7307-4123-BBA9-93488F376B41}.Release|x86.ActiveCfg = Release|Any CPU
		{4D8A4BF1-71E6-4F6E-B55A-9FCE9C4F0BB7}.Debug|Any CPU.ActiveCfg = Debug|Any CPU
		{4D8A4BF1-71E6-4F6E-B55A-9FCE9C4F0BB7}.Debug|Any CPU.Build.0 = Debug|Any CPU
		{4D8A4BF1-71E6-4F6E-B55A-9FCE9C4F0BB7}.Debug|Mixed Platforms.ActiveCfg = Debug|Any CPU
		{4D8A4BF1-71E6-4F6E-B55A-9FCE9C4F0BB7}.Debug|Mixed Platforms.Build.0 = Debug|Any CPU
		{4D8A4BF1-71E6-4F6E-B55A-9FCE9C4F0BB7}.Debug|x86.ActiveCfg = Debug|Any CPU
		{4D8A4BF1-71E6-4F6E-B55A-9FCE9C4F0BB7}.Release|Any CPU.ActiveCfg = Release|Any CPU
		{4D8A4BF1-71E6-4F6E-B55A-9FCE9C4F0BB7}.Release|Any CPU.Build.0 = Release|Any CPU
		{4D8A4BF1-71E6-4F6E-B55A-9FCE9C4F0BB7}.Release|Mixed Platforms.ActiveCfg = Release|Any CPU
		{4D8A4BF1-71E6-4F6E-B55A-9FCE9C4F0BB7}.Release|Mixed Platforms.Build.0 = Release|Any CPU
		{4D8A4BF1-71E6-4F6E-B55A-9FCE9C4F0BB7}.Release|x86.ActiveCfg = Release|Any CPU
		{61F9F84B-4314-4F16-B084-C3EBEBA900E3}.Debug|Any CPU.ActiveCfg = Debug|x86
		{61F9F84B-4314-4F16-B084-C3EBEBA900E3}.Debug|Mixed Platforms.ActiveCfg = Debug|x86
		{61F9F84B-4314-4F16-B084-C3EBEBA900E3}.Debug|Mixed Platforms.Build.0 = Debug|x86
		{61F9F84B-4314-4F16-B084-C3EBEBA900E3}.Debug|x86.ActiveCfg = Debug|x86
		{61F9F84B-4314-4F16-B084-C3EBEBA900E3}.Debug|x86.Build.0 = Debug|x86
		{61F9F84B-4314-4F16-B084-C3EBEBA900E3}.Release|Any CPU.ActiveCfg = Release|x86
		{61F9F84B-4314-4F16-B084-C3EBEBA900E3}.Release|Mixed Platforms.ActiveCfg = Release|x86
		{61F9F84B-4314-4F16-B084-C3EBEBA900E3}.Release|Mixed Platforms.Build.0 = Release|x86
		{61F9F84B-4314-4F16-B084-C3EBEBA900E3}.Release|x86.ActiveCfg = Release|x86
		{61F9F84B-4314-4F16-B084-C3EBEBA900E3}.Release|x86.Build.0 = Release|x86
	EndGlobalSection
	GlobalSection(SolutionProperties) = preSolution
		HideSolutionNode = FALSE
	EndGlobalSection
EndGlobal
